
Microsoft Visual Studio Solution File, Format Version 12.00
# Visual Studio Version 17
VisualStudioVersion = 17.0.31521.260
MinimumVisualStudioVersion = 10.0.40219.1
Project("{FAE04EC0-301F-11D3-BF4B-00C04F79EFBC}") = "MinecraftConsole", "MinecraftConsole\MinecraftConsole.csproj", "{48BD4F74-6D59-43EC-9C73-FD2B1ABAF8A0}"
EndProject
Project("{9A19103F-16F7-4668-BE54-9A1E7A4F7556}") = "RtcLib", "..\RtcLib\RtcLib\RtcLib.csproj", "{B4CF04F1-F348-4F77-8D7F-92E1BD9F8D88}"
EndProject
Global
	GlobalSection(SolutionConfigurationPlatforms) = preSolution
		Debug|Any CPU = Debug|Any CPU
		Release|Any CPU = Release|Any CPU
	EndGlobalSection
	GlobalSection(ProjectConfigurationPlatforms) = postSolution
		{48BD4F74-6D59-43EC-9C73-FD2B1ABAF8A0}.Debug|Any CPU.ActiveCfg = Debug|Any CPU
		{48BD4F74-6D59-43EC-9C73-FD2B1ABAF8A0}.Debug|Any CPU.Build.0 = Debug|Any CPU
		{48BD4F74-6D59-43EC-9C73-FD2B1ABAF8A0}.Release|Any CPU.ActiveCfg = Release|Any CPU
		{48BD4F74-6D59-43EC-9C73-FD2B1ABAF8A0}.Release|Any CPU.Build.0 = Release|Any CPU
		{B4CF04F1-F348-4F77-8D7F-92E1BD9F8D88}.Debug|Any CPU.ActiveCfg = Debug|Any CPU
		{B4CF04F1-F348-4F77-8D7F-92E1BD9F8D88}.Debug|Any CPU.Build.0 = Debug|Any CPU
		{B4CF04F1-F348-4F77-8D7F-92E1BD9F8D88}.Release|Any CPU.ActiveCfg = Release|Any CPU
		{B4CF04F1-F348-4F77-8D7F-92E1BD9F8D88}.Release|Any CPU.Build.0 = Release|Any CPU
	EndGlobalSection
	GlobalSection(SolutionProperties) = preSolution
		HideSolutionNode = FALSE
	EndGlobalSection
	GlobalSection(ExtensibilityGlobals) = postSolution
		SolutionGuid = {49ABE8E3-B9BA-41CF-91A6-76EC2CF6DE02}
	EndGlobalSection
EndGlobal
